PODS:
  - Flutter (1.0.0)
  - path_provider_ios (0.0.1):
    - Flutter
  - shared_preferences_ios (0.0.1):
    - Flutter
  - sqlite3 (3.37.2):
    - sqlite3/common (= 3.37.2)
  - sqlite3/common (3.37.2)
  - sqlite3/fts5 (3.37.2):
    - sqlite3/common
  - sqlite3/json1 (3.37.2):
    - sqlite3/common
  - sqlite3/perf-threadsafe (3.37.2):
    - sqlite3/common
  - sqlite3/rtree (3.37.2):
    - sqlite3/common
  - sqlite3_flutter_libs (0.0.1):
    - Flutter
    - sqlite3 (~> 3.37.2)
    - sqlite3/fts5
    - sqlite3/json1
    - sqlite3/perf-threadsafe
    - sqlite3/rtree

DEPENDENCIES:
  - Flutter (from `Flutter`)
  - path_provider_ios (from `.symlinks/plugins/path_provider_ios/ios`)
  - shared_preferences_ios (from `.symlinks/plugins/shared_preferences_ios/ios`)
  - sqlite3_flutter_libs (from `.symlinks/plugins/sqlite3_flutter_libs/ios`)

SPEC REPOS:
  trunk:
    - sqlite3

EXTERNAL SOURCES:
  Flutter:
    :path: Flutter
  path_provider_ios:
    :path: ".symlinks/plugins/path_provider_ios/ios"
  shared_preferences_ios:
    :path: ".symlinks/plugins/shared_preferences_ios/ios"
  sqlite3_flutter_libs:
    :path: ".symlinks/plugins/sqlite3_flutter_libs/ios"

SPEC CHECKSUMS:
  Flutter: 50d75fe2f02b26cc09d224853bb45737f8b3214a
  path_provider_ios: 7d7ce634493af4477d156294792024ec3485acd5
  shared_preferences_ios: 548a61f8053b9b8a49ac19c1ffbc8b92c50d68ad
  sqlite3: c0ed2889f1853952214f34195c4a081a7a7a8015
  sqlite3_flutter_libs: b26eb56ee9f5d821e55739a0e3917301e5ed4628

PODFILE CHECKSUM: aafe91acc616949ddb318b77800a7f51bffa2a4c

COCOAPODS: 1.11.2
